// !$*UTF8*$!
{
	archiveVersion = 1;
	classes = {
	};
	objectVersion = 56;
	objects = {

/* Begin PBXBuildFile section */
		524668602AE993FC006309FE /* PocketTrackerApp.swift in Sources */ = {isa = PBXBuildFile; fileRef = 5246685F2AE993FC006309FE /* PocketTrackerApp.swift */; };
		524668622AE993FC006309FE /* ContentView.swift in Sources */ = {isa = PBXBuildFile; fileRef = 524668612AE993FC006309FE /* ContentView.swift */; };
		524668642AE99400006309FE /* Assets.xcassets in Resources */ = {isa = PBXBuildFile; fileRef = 524668632AE99400006309FE /* Assets.xcassets */; };
		524668672AE99400006309FE /* Preview Assets.xcassets in Resources */ = {isa = PBXBuildFile; fileRef = 524668662AE99400006309FE /* Preview Assets.xcassets */; };
		524668712AE99434006309FE /* ExpensesModel.xcdatamodeld in Sources */ = {isa = PBXBuildFile; fileRef = 5246686F2AE99434006309FE /* ExpensesModel.xcdatamodeld */; };
		524668732AE99496006309FE /* DataController.swift in Sources */ = {isa = PBXBuildFile; fileRef = 524668722AE99496006309FE /* DataController.swift */; };
		524668752AE99AA4006309FE /* AddExpensesView.swift in Sources */ = {isa = PBXBuildFile; fileRef = 524668742AE99AA4006309FE /* AddExpensesView.swift */; };
		524668772AE99AD1006309FE /* EditExpensesView.swift in Sources */ = {isa = PBXBuildFile; fileRef = 524668762AE99AD1006309FE /* EditExpensesView.swift */; };
		5246687A2AE99B13006309FE /* TimeFormatting.swift in Sources */ = {isa = PBXBuildFile; fileRef = 524668792AE99B13006309FE /* TimeFormatting.swift */; };
		DE06E3232AE9D57F0012E788 /* MoneyController.swift in Sources */ = {isa = PBXBuildFile; fileRef = DE06E3222AE9D57F0012E788 /* MoneyController.swift */; };
		DE06E3252AE9DB1B0012E788 /* MenuPrincipal.swift in Sources */ = {isa = PBXBuildFile; fileRef = DE06E3242AE9DB1B0012E788 /* MenuPrincipal.swift */; };
		DEB4BEB02AE9B0D000D0A1E4 /* AddMoneyView.swift in Sources */ = {isa = PBXBuildFile; fileRef = DEB4BEAF2AE9B0D000D0A1E4 /* AddMoneyView.swift */; };
		DEB4BEB42AE9B1E000D0A1E4 /* EditMoneyView.swift in Sources */ = {isa = PBXBuildFile; fileRef = DEB4BEB32AE9B1E000D0A1E4 /* EditMoneyView.swift */; };
		DEB4BEB62AE9BF5D00D0A1E4 /* Fondos.swift in Sources */ = {isa = PBXBuildFile; fileRef = DEB4BEB52AE9BF5D00D0A1E4 /* Fondos.swift */; };
		DEF5E4F22AEA04EA004AA6C9 /* Resumen.swift in Sources */ = {isa = PBXBuildFile; fileRef = DEF5E4F12AEA04EA004AA6C9 /* Resumen.swift */; };
/* End PBXBuildFile section */

/* Begin PBXFileReference section */
		5246685C2AE993FC006309FE /* PocketTracker.app */ = {isa = PBXFileReference; explicitFileType = wrapper.application; includeInIndex = 0; path = PocketTracker.app; sourceTree = BUILT_PRODUCTS_DIR; };
		5246685F2AE993FC006309FE /* PocketTrackerApp.swift */ = {isa = PBXFileReference; lastKnownFileType = sourcecode.swift; path = PocketTrackerApp.swift; sourceTree = "<group>"; };
		524668612AE993FC006309FE /* ContentView.swift */ = {isa = PBXFileReference; lastKnownFileType = sourcecode.swift; path = ContentView.swift; sourceTree = "<group>"; };
		524668632AE99400006309FE /* Assets.xcassets */ = {isa = PBXFileReference; lastKnownFileType = folder.assetcatalog; path = Assets.xcassets; sourceTree = "<group>"; };
		524668662AE99400006309FE /* Preview Assets.xcassets */ = {isa = PBXFileReference; lastKnownFileType = folder.assetcatalog; path = "Preview Assets.xcassets"; sourceTree = "<group>"; };
		524668702AE99434006309FE /* ExpensesModel.xcdatamodel */ = {isa = PBXFileReference; lastKnownFileType = wrapper.xcdatamodel; path = ExpensesModel.xcdatamodel; sourceTree = "<group>"; };
		524668722AE99496006309FE /* DataController.swift */ = {isa = PBXFileReference; lastKnownFileType = sourcecode.swift; path = DataController.swift; sourceTree = "<group>"; };
		524668742AE99AA4006309FE /* AddExpensesView.swift */ = {isa = PBXFileReference; lastKnownFileType = sourcecode.swift; path = AddExpensesView.swift; sourceTree = "<group>"; };
		524668762AE99AD1006309FE /* EditExpensesView.swift */ = {isa = PBXFileReference; lastKnownFileType = sourcecode.swift; path = EditExpensesView.swift; sourceTree = "<group>"; };
		524668792AE99B13006309FE /* TimeFormatting.swift */ = {isa = PBXFileReference; lastKnownFileType = sourcecode.swift; path = TimeFormatting.swift; sourceTree = "<group>"; };
		DE06E3222AE9D57F0012E788 /* MoneyController.swift */ = {isa = PBXFileReference; lastKnownFileType = sourcecode.swift; path = MoneyController.swift; sourceTree = "<group>"; };
		DE06E3242AE9DB1B0012E788 /* MenuPrincipal.swift */ = {isa = PBXFileReference; lastKnownFileType = sourcecode.swift; path = MenuPrincipal.swift; sourceTree = "<group>"; };
		DEB4BEAF2AE9B0D000D0A1E4 /* AddMoneyView.swift */ = {isa = PBXFileReference; lastKnownFileType = sourcecode.swift; path = AddMoneyView.swift; sourceTree = "<group>"; };
		DEB4BEB32AE9B1E000D0A1E4 /* EditMoneyView.swift */ = {isa = PBXFileReference; lastKnownFileType = sourcecode.swift; path = EditMoneyView.swift; sourceTree = "<group>"; };
		DEB4BEB52AE9BF5D00D0A1E4 /* Fondos.swift */ = {isa = PBXFileReference; lastKnownFileType = sourcecode.swift; path = Fondos.swift; sourceTree = "<group>"; };
		DEF5E4F12AEA04EA004AA6C9 /* Resumen.swift */ = {isa = PBXFileReference; lastKnownFileType = sourcecode.swift; path = Resumen.swift; sourceTree = "<group>"; };
/* End PBXFileReference section */

/* Begin PBXFrameworksBuildPhase section */
		524668592AE993FC006309FE /* Frameworks */ = {
			isa = PBXFrameworksBuildPhase;
			buildActionMask = 2147483647;
			files = (
			);
			runOnlyForDeploymentPostprocessing = 0;
		};
/* End PBXFrameworksBuildPhase section */

/* Begin PBXGroup section */
		524668532AE993FC006309FE = {
			isa = PBXGroup;
			children = (
				5246685E2AE993FC006309FE /* PocketTracker */,
				5246685D2AE993FC006309FE /* Products */,
			);
			sourceTree = "<group>";
		};
		5246685D2AE993FC006309FE /* Products */ = {
			isa = PBXGroup;
			children = (
				5246685C2AE993FC006309FE /* PocketTracker.app */,
			);
			name = Products;
			sourceTree = "<group>";
		};
		5246685E2AE993FC006309FE /* PocketTracker */ = {
			isa = PBXGroup;
			children = (
				524668782AE99B02006309FE /* Helpers */,
				5246686E2AE9941D006309FE /* DataModel */,
				5246686D2AE9940A006309FE /* Views */,
				5246685F2AE993FC006309FE /* PocketTrackerApp.swift */,
				524668632AE99400006309FE /* Assets.xcassets */,
				524668652AE99400006309FE /* Preview Content */,
			);
			path = PocketTracker;
			sourceTree = "<group>";
		};
		524668652AE99400006309FE /* Preview Content */ = {
			isa = PBXGroup;
			children = (
				524668662AE99400006309FE /* Preview Assets.xcassets */,
			);
			path = "Preview Content";
			sourceTree = "<group>";
		};
		5246686D2AE9940A006309FE /* Views */ = {
			isa = PBXGroup;
			children = (
				524668612AE993FC006309FE /* ContentView.swift */,
				524668742AE99AA4006309FE /* AddExpensesView.swift */,
				524668762AE99AD1006309FE /* EditExpensesView.swift */,
				DEB4BEAF2AE9B0D000D0A1E4 /* AddMoneyView.swift */,
				DEB4BEB32AE9B1E000D0A1E4 /* EditMoneyView.swift */,
				DEB4BEB52AE9BF5D00D0A1E4 /* Fondos.swift */,
				DE06E3242AE9DB1B0012E788 /* MenuPrincipal.swift */,
				DEF5E4F12AEA04EA004AA6C9 /* Resumen.swift */,
			);
			path = Views;
			sourceTree = "<group>";
		};
		5246686E2AE9941D006309FE /* DataModel */ = {
			isa = PBXGroup;
			children = (
				5246686F2AE99434006309FE /* ExpensesModel.xcdatamodeld */,
				524668722AE99496006309FE /* DataController.swift */,
				DE06E3222AE9D57F0012E788 /* MoneyController.swift */,
			);
			path = DataModel;
			sourceTree = "<group>";
		};
		524668782AE99B02006309FE /* Helpers */ = {
			isa = PBXGroup;
			children = (
				524668792AE99B13006309FE /* TimeFormatting.swift */,
			);
			path = Helpers;
			sourceTree = "<group>";
		};
/* End PBXGroup section */

/* Begin PBXNativeTarget section */
		5246685B2AE993FC006309FE /* PocketTracker */ = {
			isa = PBXNativeTarget;
			buildConfigurationList = 5246686A2AE99400006309FE /* Build configuration list for PBXNativeTarget "PocketTracker" */;
			buildPhases = (
				524668582AE993FC006309FE /* Sources */,
				524668592AE993FC006309FE /* Frameworks */,
				5246685A2AE993FC006309FE /* Resources */,
			);
			buildRules = (
			);
			dependencies = (
			);
			name = PocketTracker;
			productName = PocketTracker;
			productReference = 5246685C2AE993FC006309FE /* PocketTracker.app */;
			productType = "com.apple.product-type.application";
		};
/* End PBXNativeTarget section */

/* Begin PBXProject section */
		524668542AE993FC006309FE /* Project object */ = {
			isa = PBXProject;
			attributes = {
				BuildIndependentTargetsInParallel = 1;
				LastSwiftUpdateCheck = 1500;
				LastUpgradeCheck = 1500;
				TargetAttributes = {
					5246685B2AE993FC006309FE = {
						CreatedOnToolsVersion = 15.0.1;
					};
				};
			};
			buildConfigurationList = 524668572AE993FC006309FE /* Build configuration list for PBXProject "PocketTracker" */;
			compatibilityVersion = "Xcode 14.0";
			developmentRegion = en;
			hasScannedForEncodings = 0;
			knownRegions = (
				en,
				Base,
			);
			mainGroup = 524668532AE993FC006309FE;
			productRefGroup = 5246685D2AE993FC006309FE /* Products */;
			projectDirPath = "";
			projectRoot = "";
			targets = (
				5246685B2AE993FC006309FE /* PocketTracker */,
			);
		};
/* End PBXProject section */

/* Begin PBXResourcesBuildPhase section */
		5246685A2AE993FC006309FE /* Resources */ = {
			isa = PBXResourcesBuildPhase;
			buildActionMask = 2147483647;
			files = (
				524668672AE99400006309FE /* Preview Assets.xcassets in Resources */,
				524668642AE99400006309FE /* Assets.xcassets in Resources */,
			);
			runOnlyForDeploymentPostprocessing = 0;
		};
/* End PBXResourcesBuildPhase section */

/* Begin PBXSourcesBuildPhase section */
		524668582AE993FC006309FE /* Sources */ = {
			isa = PBXSourcesBuildPhase;
			buildActionMask = 2147483647;
			files = (
				DEB4BEB42AE9B1E000D0A1E4 /* EditMoneyView.swift in Sources */,
				DE06E3252AE9DB1B0012E788 /* MenuPrincipal.swift in Sources */,
				524668622AE993FC006309FE /* ContentView.swift in Sources */,
				DEB4BEB02AE9B0D000D0A1E4 /* AddMoneyView.swift in Sources */,
				5246687A2AE99B13006309FE /* TimeFormatting.swift in Sources */,
				524668732AE99496006309FE /* DataController.swift in Sources */,
				DE06E3232AE9D57F0012E788 /* MoneyController.swift in Sources */,
				524668752AE99AA4006309FE /* AddExpensesView.swift in Sources */,
				524668772AE99AD1006309FE /* EditExpensesView.swift in Sources */,
				DEF5E4F22AEA04EA004AA6C9 /* Resumen.swift in Sources */,
				524668712AE99434006309FE /* ExpensesModel.xcdatamodeld in Sources */,
				DEB4BEB62AE9BF5D00D0A1E4 /* Fondos.swift in Sources */,
				524668602AE993FC006309FE /* PocketTrackerApp.swift in Sources */,
			);
			runOnlyForDeploymentPostprocessing = 0;
		};
/* End PBXSourcesBuildPhase section */

/* Begin XCBuildConfiguration section */
		524668682AE99400006309FE /* Debug */ = {
			isa = XCBuildConfiguration;
			buildSettings = {
				ALWAYS_SEARCH_USER_PATHS = NO;
				ASSETCATALOG_COMPILER_GENERATE_SWIFT_ASSET_SYMBOL_EXTENSIONS = YES;
				CLANG_ANALYZER_NONNULL = YES;
				CLANG_ANALYZER_NUMBER_OBJECT_CONVERSION = YES_AGGRESSIVE;
				CLANG_CXX_LANGUAGE_STANDARD = "gnu++20";
				CLANG_ENABLE_MODULES = YES;
				CLANG_ENABLE_OBJC_ARC = YES;
				CLANG_ENABLE_OBJC_WEAK = YES;
				CLANG_WARN_BLOCK_CAPTURE_AUTORELEASING = YES;
				CLANG_WARN_BOOL_CONVERSION = YES;
				CLANG_WARN_COMMA = YES;
				CLANG_WARN_CONSTANT_CONVERSION = YES;
				CLANG_WARN_DEPRECATED_OBJC_IMPLEMENTATIONS = YES;
				CLANG_WARN_DIRECT_OBJC_ISA_USAGE = YES_ERROR;
				CLANG_WARN_DOCUMENTATION_COMMENTS = YES;
				CLANG_WARN_EMPTY_BODY = YES;
				CLANG_WARN_ENUM_CONVERSION = YES;
				CLANG_WARN_INFINITE_RECURSION = YES;
				CLANG_WARN_INT_CONVERSION = YES;
				CLANG_WARN_NON_LITERAL_NULL_CONVERSION = YES;
				CLANG_WARN_OBJC_IMPLICIT_RETAIN_SELF = YES;
				CLANG_WARN_OBJC_LITERAL_CONVERSION = YES;
				CLANG_WARN_OBJC_ROOT_CLASS = YES_ERROR;
				CLANG_WARN_QUOTED_INCLUDE_IN_FRAMEWORK_HEADER = YES;
				CLANG_WARN_RANGE_LOOP_ANALYSIS = YES;
				CLANG_WARN_STRICT_PROTOTYPES = YES;
				CLANG_WARN_SUSPICIOUS_MOVE = YES;
				CLANG_WARN_UNGUARDED_AVAILABILITY = YES_AGGRESSIVE;
				CLANG_WARN_UNREACHABLE_CODE = YES;
				CLANG_WARN__DUPLICATE_METHOD_MATCH = YES;
				COPY_PHASE_STRIP = NO;
				DEBUG_INFORMATION_FORMAT = dwarf;
				ENABLE_STRICT_OBJC_MSGSEND = YES;
				ENABLE_TESTABILITY = YES;
				ENABLE_USER_SCRIPT_SANDBOXING = YES;
				GCC_C_LANGUAGE_STANDARD = gnu17;
				GCC_DYNAMIC_NO_PIC = NO;
				GCC_NO_COMMON_BLOCKS = YES;
				GCC_OPTIMIZATION_LEVEL = 0;
				GCC_PREPROCESSOR_DEFINITIONS = (
					"DEBUG=1",
					"$(inherited)",
				);
				GCC_WARN_64_TO_32_BIT_CONVERSION = YES;
				GCC_WARN_ABOUT_RETURN_TYPE = YES_ERROR;
				GCC_WARN_UNDECLARED_SELECTOR = YES;
				GCC_WARN_UNINITIALIZED_AUTOS = YES_AGGRESSIVE;
				GCC_WARN_UNUSED_FUNCTION = YES;
				GCC_WARN_UNUSED_VARIABLE = YES;
				IPHONEOS_DEPLOYMENT_TARGET = 17.0;
				LOCALIZATION_PREFERS_STRING_CATALOGS = YES;
				MTL_ENABLE_DEBUG_INFO = INCLUDE_SOURCE;
				MTL_FAST_MATH = YES;
				ONLY_ACTIVE_ARCH = YES;
				SDKROOT = iphoneos;
				SWIFT_ACTIVE_COMPILATION_CONDITIONS = "DEBUG $(inherited)";
				SWIFT_OPTIMIZATION_LEVEL = "-Onone";
			};
			name = Debug;
		};
		524668692AE99400006309FE /* Release */ = {
			isa = XCBuildConfiguration;
			buildSettings = {
				ALWAYS_SEARCH_USER_PATHS = NO;
				ASSETCATALOG_COMPILER_GENERATE_SWIFT_ASSET_SYMBOL_EXTENSIONS = YES;
				CLANG_ANALYZER_NONNULL = YES;
				CLANG_ANALYZER_NUMBER_OBJECT_CONVERSION = YES_AGGRESSIVE;
				CLANG_CXX_LANGUAGE_STANDARD = "gnu++20";
				CLANG_ENABLE_MODULES = YES;
				CLANG_ENABLE_OBJC_ARC = YES;
				CLANG_ENABLE_OBJC_WEAK = YES;
				CLANG_WARN_BLOCK_CAPTURE_AUTORELEASING = YES;
				CLANG_WARN_BOOL_CONVERSION = YES;
				CLANG_WARN_COMMA = YES;
				CLANG_WARN_CONSTANT_CONVERSION = YES;
				CLANG_WARN_DEPRECATED_OBJC_IMPLEMENTATIONS = YES;
				CLANG_WARN_DIRECT_OBJC_ISA_USAGE = YES_ERROR;
				CLANG_WARN_DOCUMENTATION_COMMENTS = YES;
				CLANG_WARN_EMPTY_BODY = YES;
				CLANG_WARN_ENUM_CONVERSION = YES;
				CLANG_WARN_INFINITE_RECURSION = YES;
				CLANG_WARN_INT_CONVERSION = YES;
				CLANG_WARN_NON_LITERAL_NULL_CONVERSION = YES;
				CLANG_WARN_OBJC_IMPLICIT_RETAIN_SELF = YES;
				CLANG_WARN_OBJC_LITERAL_CONVERSION = YES;
				CLANG_WARN_OBJC_ROOT_CLASS = YES_ERROR;
				CLANG_WARN_QUOTED_INCLUDE_IN_FRAMEWORK_HEADER = YES;
				CLANG_WARN_RANGE_LOOP_ANALYSIS = YES;
				CLANG_WARN_STRICT_PROTOTYPES = YES;
				CLANG_WARN_SUSPICIOUS_MOVE = YES;
				CLANG_WARN_UNGUARDED_AVAILABILITY = YES_AGGRESSIVE;
				CLANG_WARN_UNREACHABLE_CODE = YES;
				CLANG_WARN__DUPLICATE_METHOD_MATCH = YES;
				COPY_PHASE_STRIP = NO;
				DEBUG_INFORMATION_FORMAT = "dwarf-with-dsym";
				ENABLE_NS_ASSERTIONS = NO;
				ENABLE_STRICT_OBJC_MSGSEND = YES;
				ENABLE_USER_SCRIPT_SANDBOXING = YES;
				GCC_C_LANGUAGE_STANDARD = gnu17;
				GCC_NO_COMMON_BLOCKS = YES;
				GCC_WARN_64_TO_32_BIT_CONVERSION = YES;
				GCC_WARN_ABOUT_RETURN_TYPE = YES_ERROR;
				GCC_WARN_UNDECLARED_SELECTOR = YES;
				GCC_WARN_UNINITIALIZED_AUTOS = YES_AGGRESSIVE;
				GCC_WARN_UNUSED_FUNCTION = YES;
				GCC_WARN_UNUSED_VARIABLE = YES;
				IPHONEOS_DEPLOYMENT_TARGET = 17.0;
				LOCALIZATION_PREFERS_STRING_CATALOGS = YES;
				MTL_ENABLE_DEBUG_INFO = NO;
				MTL_FAST_MATH = YES;
				SDKROOT = iphoneos;
				SWIFT_COMPILATION_MODE = wholemodule;
				VALIDATE_PRODUCT = YES;
			};
			name = Release;
		};
		5246686B2AE99400006309FE /* Debug */ = {
			isa = XCBuildConfiguration;
			buildSettings = {
				ASSETCATALOG_COMPILER_APPICON_NAME = AppIcon;
				ASSETCATALOG_COMPILER_GLOBAL_ACCENT_COLOR_NAME = AccentColor;
				CODE_SIGN_STYLE = Automatic;
				CURRENT_PROJECT_VERSION = 1;
				DEVELOPMENT_ASSET_PATHS = "\"PocketTracker/Preview Content\"";
				DEVELOPMENT_TEAM = 3GBSD39VXZ;
				ENABLE_PREVIEWS = YES;
				GENERATE_INFOPLIST_FILE = YES;
				INFOPLIST_KEY_UIApplicationSceneManifest_Generation = YES;
				INFOPLIST_KEY_UIApplicationSupportsIndirectInputEvents = YES;
				INFOPLIST_KEY_UILaunchScreen_Generation = YES;
				INFOPLIST_KEY_UISupportedInterfaceOrientations_iPad = "UIInterfaceOrientationPortrait UIInterfaceOrientationPortraitUpsideDown UIInterfaceOrientationLandscapeLeft UIInterfaceOrientationLandscapeRight";
				INFOPLIST_KEY_UISupportedInterfaceOrientations_iPhone = "UIInterfaceOrientationPortrait UIInterfaceOrientationLandscapeLeft UIInterfaceOrientationLandscapeRight";
				LD_RUNPATH_SEARCH_PATHS = (
					"$(inherited)",
					"@executable_path/Frameworks",
				);
				MARKETING_VERSION = 1.0;
				PRODUCT_BUNDLE_IDENTIFIER = com.unicaes.PocketTracker;
				PRODUCT_NAME = "$(TARGET_NAME)";
				SWIFT_EMIT_LOC_STRINGS = YES;
				SWIFT_VERSION = 5.0;
				TARGETED_DEVICE_FAMILY = "1,2";
			};
			name = Debug;
		};
		5246686C2AE99400006309FE /* Release */ = {
			isa = XCBuildConfiguration;
			buildSettings = {
				ASSETCATALOG_COMPILER_APPICON_NAME = AppIcon;
				ASSETCATALOG_COMPILER_GLOBAL_ACCENT_COLOR_NAME = AccentColor;
				CODE_SIGN_STYLE = Automatic;
				CURRENT_PROJECT_VERSION = 1;
				DEVELOPMENT_ASSET_PATHS = "\"PocketTracker/Preview Content\"";
				DEVELOPMENT_TEAM = 3GBSD39VXZ;
				ENABLE_PREVIEWS = YES;
				GENERATE_INFOPLIST_FILE = YES;
				INFOPLIST_KEY_UIApplicationSceneManifest_Generation = YES;
				INFOPLIST_KEY_UIApplicationSupportsIndirectInputEvents = YES;
				INFOPLIST_KEY_UILaunchScreen_Generation = YES;
				INFOPLIST_KEY_UISupportedInterfaceOrientations_iPad = "UIInterfaceOrientationPortrait UIInterfaceOrientationPortraitUpsideDown UIInterfaceOrientationLandscapeLeft UIInterfaceOrientationLandscapeRight";
				INFOPLIST_KEY_UISupportedInterfaceOrientations_iPhone = "UIInterfaceOrientationPortrait UIInterfaceOrientationLandscapeLeft UIInterfaceOrientationLandscapeRight";
				LD_RUNPATH_SEARCH_PATHS = (
					"$(inherited)",
					"@executable_path/Frameworks",
				);
				MARKETING_VERSION = 1.0;
				PRODUCT_BUNDLE_IDENTIFIER = com.unicaes.PocketTracker;
				PRODUCT_NAME = "$(TARGET_NAME)";
				SWIFT_EMIT_LOC_STRINGS = YES;
				SWIFT_VERSION = 5.0;
				TARGETED_DEVICE_FAMILY = "1,2";
			};
			name = Release;
		};
/* End XCBuildConfiguration section */

/* Begin XCConfigurationList section */
		524668572AE993FC006309FE /* Build configuration list for PBXProject "PocketTracker" */ = {
			isa = XCConfigurationList;
			buildConfigurations = (
				524668682AE99400006309FE /* Debug */,
				524668692AE99400006309FE /* Release */,
			);
			defaultConfigurationIsVisible = 0;
			defaultConfigurationName = Release;
		};
		5246686A2AE99400006309FE /* Build configuration list for PBXNativeTarget "PocketTracker" */ = {
			isa = XCConfigurationList;
			buildConfigurations = (
				5246686B2AE99400006309FE /* Debug */,
				5246686C2AE99400006309FE /* Release */,
			);
			defaultConfigurationIsVisible = 0;
			defaultConfigurationName = Release;
		};
/* End XCConfigurationList section */

/* Begin XCVersionGroup section */
		5246686F2AE99434006309FE /* ExpensesModel.xcdatamodeld */ = {
			isa = XCVersionGroup;
			children = (
				524668702AE99434006309FE /* ExpensesModel.xcdatamodel */,
			);
			currentVersion = 524668702AE99434006309FE /* ExpensesModel.xcdatamodel */;
			path = ExpensesModel.xcdatamodeld;
			sourceTree = "<group>";
			versionGroupType = wrapper.xcdatamodel;
		};
/* End XCVersionGroup section */
	};
	rootObject = 524668542AE993FC006309FE /* Project object */;
}
